// !$*UTF8*$!
{
	archiveVersion = 1;
	classes = {
	};
	objectVersion = 77;
	objects = {

/* Begin PBXContainerItemProxy section */
		AACD2E922D60E8550087D839 /* PBXContainerItemProxy */ = {
			isa = PBXContainerItemProxy;
			containerPortal = AACD2E732D60E8540087D839 /* Project object */;
			proxyType = 1;
			remoteGlobalIDString = AACD2E7A2D60E8540087D839;
			remoteInfo = "I'm Poor";
		};
		AACD2E9C2D60E8550087D839 /* PBXContainerItemProxy */ = {
			isa = PBXContainerItemProxy;
			containerPortal = AACD2E732D60E8540087D839 /* Project object */;
			proxyType = 1;
			remoteGlobalIDString = AACD2E7A2D60E8540087D839;
			remoteInfo = "I'm Poor";
		};
/* End PBXContainerItemProxy section */

/* Begin PBXFileReference section */
		AACD2E7B2D60E8540087D839 /* I'm Poor.app */ = {isa = PBXFileReference; explicitFileType = wrapper.application; includeInIndex = 0; path = "I'm Poor.app"; sourceTree = BUILT_PRODUCTS_DIR; };
		AACD2E912D60E8550087D839 /* I'm PoorTests.xctest */ = {isa = PBXFileReference; explicitFileType = wrapper.cfbundle; includeInIndex = 0; path = "I'm PoorTests.xctest"; sourceTree = BUILT_PRODUCTS_DIR; };
		AACD2E9B2D60E8550087D839 /* I'm PoorUITests.xctest */ = {isa = PBXFileReference; explicitFileType = wrapper.cfbundle; includeInIndex = 0; path = "I'm PoorUITests.xctest"; sourceTree = BUILT_PRODUCTS_DIR; };
/* End PBXFileReference section */

/* Begin PBXFileSystemSynchronizedBuildFileExceptionSet section */
		AACD2EA32D60E8550087D839 /* Exceptions for "I'm Poor" folder in "I'm Poor" target */ = {
			isa = PBXFileSystemSynchronizedBuildFileExceptionSet;
			membershipExceptions = (
				Info.plist,
			);
			target = AACD2E7A2D60E8540087D839 /* I'm Poor */;
		};
/* End PBXFileSystemSynchronizedBuildFileExceptionSet section */

/* Begin PBXFileSystemSynchronizedRootGroup section */
		AACD2E7D2D60E8540087D839 /* I'm Poor */ = {
			isa = PBXFileSystemSynchronizedRootGroup;
			exceptions = (
				AACD2EA32D60E8550087D839 /* Exceptions for "I'm Poor" folder in "I'm Poor" target */,
			);
			path = "I'm Poor";
			sourceTree = "<group>";
		};
		AACD2E942D60E8550087D839 /* I'm PoorTests */ = {
			isa = PBXFileSystemSynchronizedRootGroup;
			path = "I'm PoorTests";
			sourceTree = "<group>";
		};
		AACD2E9E2D60E8550087D839 /* I'm PoorUITests */ = {
			isa = PBXFileSystemSynchronizedRootGroup;
			path = "I'm PoorUITests";
			sourceTree = "<group>";
		};
/* End PBXFileSystemSynchronizedRootGroup section */

/* Begin PBXFrameworksBuildPhase section */
		AACD2E782D60E8540087D839 /* Frameworks */ = {
			isa = PBXFrameworksBuildPhase;
			buildActionMask = 2147483647;
			files = (
			);
			runOnlyForDeploymentPostprocessing = 0;
		};
		AACD2E8E2D60E8550087D839 /* Frameworks */ = {
			isa = PBXFrameworksBuildPhase;
			buildActionMask = 2147483647;
			files = (
			);
			runOnlyForDeploymentPostprocessing = 0;
		};
		AACD2E982D60E8550087D839 /* Frameworks */ = {
			isa = PBXFrameworksBuildPhase;
			buildActionMask = 2147483647;
			files = (
			);
			runOnlyForDeploymentPostprocessing = 0;
		};
/* End PBXFrameworksBuildPhase section */

/* Begin PBXGroup section */
		AACD2E722D60E8540087D839 = {
			isa = PBXGroup;
			children = (
				AACD2E7D2D60E8540087D839 /* I'm Poor */,
				AACD2E942D60E8550087D839 /* I'm PoorTests */,
				AACD2E9E2D60E8550087D839 /* I'm PoorUITests */,
				AACD2E7C2D60E8540087D839 /* Products */,
			);
			sourceTree = "<group>";
		};
		AACD2E7C2D60E8540087D839 /* Products */ = {
			isa = PBXGroup;
			children = (
				AACD2E7B2D60E8540087D839 /* I'm Poor.app */,
				AACD2E912D60E8550087D839 /* I'm PoorTests.xctest */,
				AACD2E9B2D60E8550087D839 /* I'm PoorUITests.xctest */,
			);
			name = Products;
			sourceTree = "<group>";
		};
/* End PBXGroup section */

/* Begin PBXNativeTarget section */
		AACD2E7A2D60E8540087D839 /* I'm Poor */ = {
			isa = PBXNativeTarget;
			buildConfigurationList = AACD2EA42D60E8550087D839 /* Build configuration list for PBXNativeTarget "I'm Poor" */;
			buildPhases = (
				AACD2E772D60E8540087D839 /* Sources */,
				AACD2E782D60E8540087D839 /* Frameworks */,
				AACD2E792D60E8540087D839 /* Resources */,
			);
			buildRules = (
			);
			dependencies = (
			);
			fileSystemSynchronizedGroups = (
				AACD2E7D2D60E8540087D839 /* I'm Poor */,
			);
			name = "I'm Poor";
			packageProductDependencies = (
			);
			productName = "I'm Poor";
			productReference = AACD2E7B2D60E8540087D839 /* I'm Poor.app */;
			productType = "com.apple.product-type.application";
		};
		AACD2E902D60E8550087D839 /* I'm PoorTests */ = {
			isa = PBXNativeTarget;
			buildConfigurationList = AACD2EA92D60E8550087D839 /* Build configuration list for PBXNativeTarget "I'm PoorTests" */;
			buildPhases = (
				AACD2E8D2D60E8550087D839 /* Sources */,
				AACD2E8E2D60E8550087D839 /* Frameworks */,
				AACD2E8F2D60E8550087D839 /* Resources */,
			);
			buildRules = (
			);
			dependencies = (
				AACD2E932D60E8550087D839 /* PBXTargetDependency */,
			);
			fileSystemSynchronizedGroups = (
				AACD2E942D60E8550087D839 /* I'm PoorTests */,
			);
			name = "I'm PoorTests";
			packageProductDependencies = (
			);
			productName = "I'm PoorTests";
			productReference = AACD2E912D60E8550087D839 /* I'm PoorTests.xctest */;
			productType = "com.apple.product-type.bundle.unit-test";
		};
		AACD2E9A2D60E8550087D839 /* I'm PoorUITests */ = {
			isa = PBXNativeTarget;
			buildConfigurationList = AACD2EAC2D60E8550087D839 /* Build configuration list for PBXNativeTarget "I'm PoorUITests" */;
			buildPhases = (
				AACD2E972D60E8550087D839 /* Sources */,
				AACD2E982D60E8550087D839 /* Frameworks */,
				AACD2E992D60E8550087D839 /* Resources */,
			);
			buildRules = (
			);
			dependencies = (
				AACD2E9D2D60E8550087D839 /* PBXTargetDependency */,
			);
			fileSystemSynchronizedGroups = (
				AACD2E9E2D60E8550087D839 /* I'm PoorUITests */,
			);
			name = "I'm PoorUITests";
			packageProductDependencies = (
			);
			productName = "I'm PoorUITests";
			productReference = AACD2E9B2D60E8550087D839 /* I'm PoorUITests.xctest */;
			productType = "com.apple.product-type.bundle.ui-testing";
		};
/* End PBXNativeTarget section */

/* Begin PBXProject section */
		AACD2E732D60E8540087D839 /* Project object */ = {
			isa = PBXProject;
			attributes = {
				BuildIndependentTargetsInParallel = 1;
				LastSwiftUpdateCheck = 1620;
				LastUpgradeCheck = 1620;
				TargetAttributes = {
					AACD2E7A2D60E8540087D839 = {
						CreatedOnToolsVersion = 16.2;
					};
					AACD2E902D60E8550087D839 = {
						CreatedOnToolsVersion = 16.2;
						TestTargetID = AACD2E7A2D60E8540087D839;
					};
					AACD2E9A2D60E8550087D839 = {
						CreatedOnToolsVersion = 16.2;
						TestTargetID = AACD2E7A2D60E8540087D839;
					};
				};
			};
			buildConfigurationList = AACD2E762D60E8540087D839 /* Build configuration list for PBXProject "I'm Poor" */;
			developmentRegion = en;
			hasScannedForEncodings = 0;
			knownRegions = (
				en,
				Base,
			);
			mainGroup = AACD2E722D60E8540087D839;
			minimizedProjectReferenceProxies = 1;
			preferredProjectObjectVersion = 77;
			productRefGroup = AACD2E7C2D60E8540087D839 /* Products */;
			projectDirPath = "";
			projectRoot = "";
			targets = (
				AACD2E7A2D60E8540087D839 /* I'm Poor */,
				AACD2E902D60E8550087D839 /* I'm PoorTests */,
				AACD2E9A2D60E8550087D839 /* I'm PoorUITests */,
			);
		};
/* End PBXProject section */

/* Begin PBXResourcesBuildPhase section */
		AACD2E792D60E8540087D839 /* Resources */ = {
			isa = PBXResourcesBuildPhase;
			buildActionMask = 2147483647;
			files = (
			);
			runOnlyForDeploymentPostprocessing = 0;
		};
		AACD2E8F2D60E8550087D839 /* Resources */ = {
			isa = PBXResourcesBuildPhase;
			buildActionMask = 2147483647;
			files = (
			);
			runOnlyForDeploymentPostprocessing = 0;
		};
		AACD2E992D60E8550087D839 /* Resources */ = {
			isa = PBXResourcesBuildPhase;
			buildActionMask = 2147483647;
			files = (
			);
			runOnlyForDeploymentPostprocessing = 0;
		};
/* End PBXResourcesBuildPhase section */

/* Begin PBXSourcesBuildPhase section */
		AACD2E772D60E8540087D839 /* Sources */ = {
			isa = PBXSourcesBuildPhase;
			buildActionMask = 2147483647;
			files = (
			);
			runOnlyForDeploymentPostprocessing = 0;
		};
		AACD2E8D2D60E8550087D839 /* Sources */ = {
			isa = PBXSourcesBuildPhase;
			buildActionMask = 2147483647;
			files = (
			);
			runOnlyForDeploymentPostprocessing = 0;
		};
		AACD2E972D60E8550087D839 /* Sources */ = {
			isa = PBXSourcesBuildPhase;
			buildActionMask = 2147483647;
			files = (
			);
			runOnlyForDeploymentPostprocessing = 0;
		};
/* End PBXSourcesBuildPhase section */

/* Begin PBXTargetDependency section */
		AACD2E932D60E8550087D839 /* PBXTargetDependency */ = {
			isa = PBXTargetDependency;
			target = AACD2E7A2D60E8540087D839 /* I'm Poor */;
			targetProxy = AACD2E922D60E8550087D839 /* PBXContainerItemProxy */;
		};
		AACD2E9D2D60E8550087D839 /* PBXTargetDependency */ = {
			isa = PBXTargetDependency;
			target = AACD2E7A2D60E8540087D839 /* I'm Poor */;
			targetProxy = AACD2E9C2D60E8550087D839 /* PBXContainerItemProxy */;
		};
/* End PBXTargetDependency section */

/* Begin XCBuildConfiguration section */
		AACD2EA52D60E8550087D839 /* Debug */ = {
			isa = XCBuildConfiguration;
			buildSettings = {
				ASSETCATALOG_COMPILER_APPICON_NAME = AppIcon;
				ASSETCATALOG_COMPILER_GLOBAL_ACCENT_COLOR_NAME = AccentColor;
				CODE_SIGN_STYLE = Automatic;
				CURRENT_PROJECT_VERSION = 1;
				GENERATE_INFOPLIST_FILE = YES;
				INFOPLIST_FILE = "I'm Poor/Info.plist";
				INFOPLIST_KEY_UIApplicationSupportsIndirectInputEvents = YES;
				INFOPLIST_KEY_UILaunchStoryboardName = LaunchScreen;
				INFOPLIST_KEY_UIMainStoryboardFile = Main;
				INFOPLIST_KEY_UISupportedInterfaceOrientations_iPad = "UIInterfaceOrientationPortrait UIInterfaceOrientationPortraitUpsideDown UIInterfaceOrientationLandscapeLeft UIInterfaceOrientationLandscapeRight";
				INFOPLIST_KEY_UISupportedInterfaceOrientations_iPhone = "UIInterfaceOrientationPortrait UIInterfaceOrientationLandscapeLeft UIInterfaceOrientationLandscapeRight";
				LD_RUNPATH_SEARCH_PATHS = (
					"$(inherited)",
					"@executable_path/Frameworks",
				);
				MARKETING_VERSION = 1.0;
				PRODUCT_BUNDLE_IDENTIFIER = "com.vinibrsaa.I-m-Poor";
				PRODUCT_NAME = "$(TARGET_NAME)";
				SWIFT_EMIT_LOC_STRINGS = YES;
				SWIFT_VERSION = 5.0;
				TARGETED_DEVICE_FAMILY = "1,2";
			};
			name = Debug;
		};
		AACD2EA62D60E8550087D839 /* Release */ = {
			isa = XCBuildConfiguration;
			buildSettings = {
				ASSETCATALOG_COMPILER_APPICON_NAME = AppIcon;
				ASSETCATALOG_COMPILER_GLOBAL_ACCENT_COLOR_NAME = AccentColor;
				CODE_SIGN_STYLE = Automatic;
				CURRENT_PROJECT_VERSION = 1;
				GENERATE_INFOPLIST_FILE = YES;
				INFOPLIST_FILE = "I'm Poor/Info.plist";
				INFOPLIST_KEY_UIApplicationSupportsIndirectInputEvents = YES;
				INFOPLIST_KEY_UILaunchStoryboardName = LaunchScreen;
				INFOPLIST_KEY_UIMainStoryboardFile = Main;
				INFOPLIST_KEY_UISupportedInterfaceOrientations_iPad = "UIInterfaceOrientationPortrait UIInterfaceOrientationPortraitUpsideDown UIInterfaceOrientationLandscapeLeft UIInterfaceOrientationLandscapeRight";
				INFOPLIST_KEY_UISupportedInterfaceOrientations_iPhone = "UIInterfaceOrientationPortrait UIInterfaceOrientationLandscapeLeft UIInterfaceOrientationLandscapeRight";
				LD_RUNPATH_SEARCH_PATHS = (
					"$(inherited)",
					"@executable_path/Frameworks",
				);
				MARKETING_VERSION = 1.0;
				PRODUCT_BUNDLE_IDENTIFIER = "com.vinibrsaa.I-m-Poor";
				PRODUCT_NAME = "$(TARGET_NAME)";
				SWIFT_EMIT_LOC_STRINGS = YES;
				SWIFT_VERSION = 5.0;
				TARGETED_DEVICE_FAMILY = "1,2";
			};
			name = Release;
		};
		AACD2EA72D60E8550087D839 /* Debug */ = {
			isa = XCBuildConfiguration;
			buildSettings = {
				ALWAYS_SEARCH_USER_PATHS = NO;
				ASSETCATALOG_COMPILER_GENERATE_SWIFT_ASSET_SYMBOL_EXTENSIONS = YES;
				CLANG_ANALYZER_NONNULL = YES;
				CLANG_ANALYZER_NUMBER_OBJECT_CONVERSION = YES_AGGRESSIVE;
				CLANG_CXX_LANGUAGE_STANDARD = "gnu++20";
				CLANG_ENABLE_MODULES = YES;
				CLANG_ENABLE_OBJC_ARC = YES;
				CLANG_ENABLE_OBJC_WEAK = YES;
				CLANG_WARN_BLOCK_CAPTURE_AUTORELEASING = YES;
				CLANG_WARN_BOOL_CONVERSION = YES;
				CLANG_WARN_COMMA = YES;
				CLANG_WARN_CONSTANT_CONVERSION = YES;
				CLANG_WARN_DEPRECATED_OBJC_IMPLEMENTATIONS = YES;
				CLANG_WARN_DIRECT_OBJC_ISA_USAGE = YES_ERROR;
				CLANG_WARN_DOCUMENTATION_COMMENTS = YES;
				CLANG_WARN_EMPTY_BODY = YES;
				CLANG_WARN_ENUM_CONVERSION = YES;
				CLANG_WARN_INFINITE_RECURSION = YES;
				CLANG_WARN_INT_CONVERSION = YES;
				CLANG_WARN_NON_LITERAL_NULL_CONVERSION = YES;
				CLANG_WARN_OBJC_IMPLICIT_RETAIN_SELF = YES;
				CLANG_WARN_OBJC_LITERAL_CONVERSION = YES;
				CLANG_WARN_OBJC_ROOT_CLASS = YES_ERROR;
				CLANG_WARN_QUOTED_INCLUDE_IN_FRAMEWORK_HEADER = YES;
				CLANG_WARN_RANGE_LOOP_ANALYSIS = YES;
				CLANG_WARN_STRICT_PROTOTYPES = YES;
				CLANG_WARN_SUSPICIOUS_MOVE = YES;
				CLANG_WARN_UNGUARDED_AVAILABILITY = YES_AGGRESSIVE;
				CLANG_WARN_UNREACHABLE_CODE = YES;
				CLANG_WARN__DUPLICATE_METHOD_MATCH = YES;
				COPY_PHASE_STRIP = NO;
				DEBUG_INFORMATION_FORMAT = dwarf;
				ENABLE_STRICT_OBJC_MSGSEND = YES;
				ENABLE_TESTABILITY = YES;
				ENABLE_USER_SCRIPT_SANDBOXING = YES;
				GCC_C_LANGUAGE_STANDARD = gnu17;
				GCC_DYNAMIC_NO_PIC = NO;
				GCC_NO_COMMON_BLOCKS = YES;
				GCC_OPTIMIZATION_LEVEL = 0;
				GCC_PREPROCESSOR_DEFINITIONS = (
					"DEBUG=1",
					"$(inherited)",
				);
				GCC_WARN_64_TO_32_BIT_CONVERSION = YES;
				GCC_WARN_ABOUT_RETURN_TYPE = YES_ERROR;
				GCC_WARN_UNDECLARED_SELECTOR = YES;
				GCC_WARN_UNINITIALIZED_AUTOS = YES_AGGRESSIVE;
				GCC_WARN_UNUSED_FUNCTION = YES;
				GCC_WARN_UNUSED_VARIABLE = YES;
				IPHONEOS_DEPLOYMENT_TARGET = 18.2;
				LOCALIZATION_PREFERS_STRING_CATALOGS = YES;
				MTL_ENABLE_DEBUG_INFO = INCLUDE_SOURCE;
				MTL_FAST_MATH = YES;
				ONLY_ACTIVE_ARCH = YES;
				SDKROOT = iphoneos;
				SWIFT_ACTIVE_COMPILATION_CONDITIONS = "DEBUG $(inherited)";
				SWIFT_OPTIMIZATION_LEVEL = "-Onone";
			};
			name = Debug;
		};
		AACD2EA82D60E8550087D839 /* Release */ = {
			isa = XCBuildConfiguration;
			buildSettings = {
				ALWAYS_SEARCH_USER_PATHS = NO;
				ASSETCATALOG_COMPILER_GENERATE_SWIFT_ASSET_SYMBOL_EXTENSIONS = YES;
				CLANG_ANALYZER_NONNULL = YES;
				CLANG_ANALYZER_NUMBER_OBJECT_CONVERSION = YES_AGGRESSIVE;
				CLANG_CXX_LANGUAGE_STANDARD = "gnu++20";
				CLANG_ENABLE_MODULES = YES;
				CLANG_ENABLE_OBJC_ARC = YES;
				CLANG_ENABLE_OBJC_WEAK = YES;
				CLANG_WARN_BLOCK_CAPTURE_AUTORELEASING = YES;
				CLANG_WARN_BOOL_CONVERSION = YES;
				CLANG_WARN_COMMA = YES;
				CLANG_WARN_CONSTANT_CONVERSION = YES;
				CLANG_WARN_DEPRECATED_OBJC_IMPLEMENTATIONS = YES;
				CLANG_WARN_DIRECT_OBJC_ISA_USAGE = YES_ERROR;
				CLANG_WARN_DOCUMENTATION_COMMENTS = YES;
				CLANG_WARN_EMPTY_BODY = YES;
				CLANG_WARN_ENUM_CONVERSION = YES;
				CLANG_WARN_INFINITE_RECURSION = YES;
				CLANG_WARN_INT_CONVERSION = YES;
				CLANG_WARN_NON_LITERAL_NULL_CONVERSION = YES;
				CLANG_WARN_OBJC_IMPLICIT_RETAIN_SELF = YES;
				CLANG_WARN_OBJC_LITERAL_CONVERSION = YES;
				CLANG_WARN_OBJC_ROOT_CLASS = YES_ERROR;
				CLANG_WARN_QUOTED_INCLUDE_IN_FRAMEWORK_HEADER = YES;
				CLANG_WARN_RANGE_LOOP_ANALYSIS = YES;
				CLANG_WARN_STRICT_PROTOTYPES = YES;
				CLANG_WARN_SUSPICIOUS_MOVE = YES;
				CLANG_WARN_UNGUARDED_AVAILABILITY = YES_AGGRESSIVE;
				CLANG_WARN_UNREACHABLE_CODE = YES;
				CLANG_WARN__DUPLICATE_METHOD_MATCH = YES;
				COPY_PHASE_STRIP = NO;
				DEBUG_INFORMATION_FORMAT = "dwarf-with-dsym";
				ENABLE_NS_ASSERTIONS = NO;
				ENABLE_STRICT_OBJC_MSGSEND = YES;
				ENABLE_USER_SCRIPT_SANDBOXING = YES;
				GCC_C_LANGUAGE_STANDARD = gnu17;
				GCC_NO_COMMON_BLOCKS = YES;
				GCC_WARN_64_TO_32_BIT_CONVERSION = YES;
				GCC_WARN_ABOUT_RETURN_TYPE = YES_ERROR;
				GCC_WARN_UNDECLARED_SELECTOR = YES;
				GCC_WARN_UNINITIALIZED_AUTOS = YES_AGGRESSIVE;
				GCC_WARN_UNUSED_FUNCTION = YES;
				GCC_WARN_UNUSED_VARIABLE = YES;
				IPHONEOS_DEPLOYMENT_TARGET = 18.2;
				LOCALIZATION_PREFERS_STRING_CATALOGS = YES;
				MTL_ENABLE_DEBUG_INFO = NO;
				MTL_FAST_MATH = YES;
				SDKROOT = iphoneos;
				SWIFT_COMPILATION_MODE = wholemodule;
				VALIDATE_PRODUCT = YES;
			};
			name = Release;
		};
		AACD2EAA2D60E8550087D839 /* Debug */ = {
			isa = XCBuildConfiguration;
			buildSettings = {
				BUNDLE_LOADER = "$(TEST_HOST)";
				CODE_SIGN_STYLE = Automatic;
				CURRENT_PROJECT_VERSION = 1;
				GENERATE_INFOPLIST_FILE = YES;
				IPHONEOS_DEPLOYMENT_TARGET = 18.2;
				MARKETING_VERSION = 1.0;
				PRODUCT_BUNDLE_IDENTIFIER = "com.vinibrsaa.I-m-PoorTests";
				PRODUCT_NAME = "$(TARGET_NAME)";
				SWIFT_EMIT_LOC_STRINGS = NO;
				SWIFT_VERSION = 5.0;
				TARGETED_DEVICE_FAMILY = "1,2";
				TEST_HOST = "$(BUILT_PRODUCTS_DIR)/I'm Poor.app/$(BUNDLE_EXECUTABLE_FOLDER_PATH)/I'm Poor";
			};
			name = Debug;
		};
		AACD2EAB2D60E8550087D839 /* Release */ = {
			isa = XCBuildConfiguration;
			buildSettings = {
				BUNDLE_LOADER = "$(TEST_HOST)";
				CODE_SIGN_STYLE = Automatic;
				CURRENT_PROJECT_VERSION = 1;
				GENERATE_INFOPLIST_FILE = YES;
				IPHONEOS_DEPLOYMENT_TARGET = 18.2;
				MARKETING_VERSION = 1.0;
				PRODUCT_BUNDLE_IDENTIFIER = "com.vinibrsaa.I-m-PoorTests";
				PRODUCT_NAME = "$(TARGET_NAME)";
				SWIFT_EMIT_LOC_STRINGS = NO;
				SWIFT_VERSION = 5.0;
				TARGETED_DEVICE_FAMILY = "1,2";
				TEST_HOST = "$(BUILT_PRODUCTS_DIR)/I'm Poor.app/$(BUNDLE_EXECUTABLE_FOLDER_PATH)/I'm Poor";
			};
			name = Release;
		};
		AACD2EAD2D60E8550087D839 /* Debug */ = {
			isa = XCBuildConfiguration;
			buildSettings = {
				CODE_SIGN_STYLE = Automatic;
				CURRENT_PROJECT_VERSION = 1;
				GENERATE_INFOPLIST_FILE = YES;
				MARKETING_VERSION = 1.0;
				PRODUCT_BUNDLE_IDENTIFIER = "com.vinibrsaa.I-m-PoorUITests";
				PRODUCT_NAME = "$(TARGET_NAME)";
				SWIFT_EMIT_LOC_STRINGS = NO;
				SWIFT_VERSION = 5.0;
				TARGETED_DEVICE_FAMILY = "1,2";
				TEST_TARGET_NAME = "I'm Poor";
			};
			name = Debug;
		};
		AACD2EAE2D60E8550087D839 /* Release */ = {
			isa = XCBuildConfiguration;
			buildSettings = {
				CODE_SIGN_STYLE = Automatic;
				CURRENT_PROJECT_VERSION = 1;
				GENERATE_INFOPLIST_FILE = YES;
				MARKETING_VERSION = 1.0;
				PRODUCT_BUNDLE_IDENTIFIER = "com.vinibrsaa.I-m-PoorUITests";
				PRODUCT_NAME = "$(TARGET_NAME)";
				SWIFT_EMIT_LOC_STRINGS = NO;
				SWIFT_VERSION = 5.0;
				TARGETED_DEVICE_FAMILY = "1,2";
				TEST_TARGET_NAME = "I'm Poor";
			};
			name = Release;
		};
/* End XCBuildConfiguration section */

/* Begin XCConfigurationList section */
		AACD2E762D60E8540087D839 /* Build configuration list for PBXProject "I'm Poor" */ = {
			isa = XCConfigurationList;
			buildConfigurations = (
				AACD2EA72D60E8550087D839 /* Debug */,
				AACD2EA82D60E8550087D839 /* Release */,
			);
			defaultConfigurationIsVisible = 0;
			defaultConfigurationName = Release;
		};
		AACD2EA42D60E8550087D839 /* Build configuration list for PBXNativeTarget "I'm Poor" */ = {
			isa = XCConfigurationList;
			buildConfigurations = (
				AACD2EA52D60E8550087D839 /* Debug */,
				AACD2EA62D60E8550087D839 /* Release */,
			);
			defaultConfigurationIsVisible = 0;
			defaultConfigurationName = Release;
		};
		AACD2EA92D60E8550087D839 /* Build configuration list for PBXNativeTarget "I'm PoorTests" */ = {
			isa = XCConfigurationList;
			buildConfigurations = (
				AACD2EAA2D60E8550087D839 /* Debug */,
				AACD2EAB2D60E8550087D839 /* Release */,
			);
			defaultConfigurationIsVisible = 0;
			defaultConfigurationName = Release;
		};
		AACD2EAC2D60E8550087D839 /* Build configuration list for PBXNativeTarget "I'm PoorUITests" */ = {
			isa = XCConfigurationList;
			buildConfigurations = (
				AACD2EAD2D60E8550087D839 /* Debug */,
				AACD2EAE2D60E8550087D839 /* Release */,
			);
			defaultConfigurationIsVisible = 0;
			defaultConfigurationName = Release;
		};
/* End XCConfigurationList section */
	};
	rootObject = AACD2E732D60E8540087D839 /* Project object */;
}
